# This file was autogenerated by Stack.
# You should not edit this file by hand.
# For more information, please see the documentation at:
#   https://docs.haskellstack.org/en/stable/lock_files

packages:
- completed:
    cabal-file:
      size: 31844
      sha256: 85dca0c4d99f92843e4316705705f21de564283473c0dc905a8e172b0c2e36af
    name: freetype2
    version: 0.2.0
    git: https://github.com/BurningWitness/freetype2
    pantry-tree:
      size: 47142
      sha256: cec3f05190d196e44fa4a61dc90f585c36627965b8cbab34d875a94d107beff8
    commit: f1172c07155a83d6650f890196c9caa3ab4d5994
  original:
    git: https://github.com/BurningWitness/freetype2
    commit: f1172c07155a83d6650f890196c9caa3ab4d5994
snapshots:
- completed:
    size: 527836
    url: https://raw.githubusercontent.com/commercialhaskell/stackage-snapshots/master/lts/11/22.yaml
    sha256: 341870ac98d8a9f8f77c4adf2e9e0b22063e264a7fbeb4c85b7af5f380dac60e
  original: lts-11.22
